schema: '2.0'
stages:
  prepare:
    cmd: python -m backend.ml_models.prepare
    deps:
    - path: backend/ml_models/config.py
      hash: md5
      md5: 4f4c71de7bc0efc2f795919199b8b43a
      size: 931
    - path: backend/ml_models/prepare.py
      hash: md5
      md5: 37a8b163ddc2aa8969a70f451ccfc179
      size: 7143
    - path: backend/target/params.yaml
      hash: md5
      md5: eaf48a06d435eda9362e20c48f565494
      size: 13
    outs:
    - path: backend/target/temp_targets/X_train_master.pkl
      hash: md5
      md5: 12a9248ba57553fc22822af4bac66b65
      size: 1211555
    - path: backend/target/temp_targets/Y_train_master.pkl
      hash: md5
      md5: 3dc2b7c455c7945eb9b1e5a3981e5d9d
      size: 409
    - path: backend/target/temp_targets/auc_all_runs.pkl
      hash: md5
      md5: b33edb45348bca5c704cf6472759447d
      size: 120
    - path: backend/target/temp_targets/fpr_list.pkl
      hash: md5
      md5: 606bd276470033d972defdde3860eaf3
      size: 239
    - path: backend/target/temp_targets/tpr_list.pkl
      hash: md5
      md5: a20867d341ee0859bc709bceba5ed394
      size: 239
  predict_SE:
    cmd: python -m backend.ml_models.predict_SE
    deps:
    - path: backend/ml_models/config.py
      hash: md5
      md5: 4f4c71de7bc0efc2f795919199b8b43a
      size: 931
    - path: backend/ml_models/predict_SE.py
      hash: md5
      md5: 8568228e91e0a5bf7058dc586df17c78
      size: 4007
    - path: backend/target/inputted_features.pkl
      hash: md5
      md5: f5e796aa310ab2ec2a98613f00bcc821
      size: 38010
    - path: backend/target/params.yaml
      hash: md5
      md5: eaf48a06d435eda9362e20c48f565494
      size: 13
    - path: backend/target/temp_targets/X_train_master.pkl
      hash: md5
      md5: 12a9248ba57553fc22822af4bac66b65
      size: 1211555
    - path: backend/target/temp_targets/Y_train_master.pkl
      hash: md5
      md5: 3dc2b7c455c7945eb9b1e5a3981e5d9d
      size: 409
    - path: backend/target/temp_targets/auc_all_runs.pkl
      hash: md5
      md5: b33edb45348bca5c704cf6472759447d
      size: 120
    - path: backend/target/temp_targets/fpr_list.pkl
      hash: md5
      md5: 606bd276470033d972defdde3860eaf3
      size: 239
    - path: backend/target/temp_targets/tpr_list.pkl
      hash: md5
      md5: a20867d341ee0859bc709bceba5ed394
      size: 239
    outs:
    - path: backend/target/output.pkl
      hash: md5
      md5: 04978c12fe75f435b992d66c297ddafa
      size: 60
  train_AMPP:
    cmd: python -m backend.ml_models.train_AMPP
    deps:
    - path: backend/ml_models/config.py
      hash: md5
      md5: 4f4c71de7bc0efc2f795919199b8b43a
      size: 931
    - path: backend/ml_models/prepare.py
      hash: md5
      md5: 37a8b163ddc2aa8969a70f451ccfc179
      size: 7143
    - path: backend/ml_models/train_AMPP.py
      hash: md5
      md5: 977e9b357688cd6c705808e00af97e24
      size: 4306
    - path: backend/target/temp_targets/X_train_master.pkl
      hash: md5
      md5: a48b51f99a9b116c4c2a8aa95b6d1e2a
      size: 908707
    - path: backend/target/temp_targets/Y_train_master.pkl
      hash: md5
      md5: d870671da3e23b44a3ead9c3c972ac18
      size: 342
    - path: backend/target/temp_targets/auc_all_runs.pkl
      hash: md5
      md5: 56252feb5915cc4238518b455ba8cca3
      size: 120
    - path: backend/target/temp_targets/fpr_list.pkl
      hash: md5
      md5: d3fe98f593fbfa81f3db94c19344a968
      size: 231
    - path: backend/target/temp_targets/tpr_list.pkl
      hash: md5
      md5: f7f2ce72fbf57db29782dfdc45314ba4
      size: 231
    outs:
    - path: backend/models/AMPP_temp.pkl
      hash: md5
      md5: 00a3fdc846069e81db2fd8a4615a2b3b
      size: 569396
  monitor_drift:
    cmd: python -m backend.ml_models.drift_monitor
    deps:
    - path: backend/ml_models/drift_monitor.py
      hash: md5
      md5: 3bf42f98e22afd2aceddc134094bcabe
      size: 1566
    - path: backend/target/inputted_features.pkl
      hash: md5
      md5: 45832ee44a10d4aa0e0126dcf0cd2203
      size: 38010
    - path: backend/target/temp_targets/X_train_master.pkl
      hash: md5
      md5: 12a9248ba57553fc22822af4bac66b65
      size: 1211555
    outs:
    - path: backend/target/drift_status.txt
      hash: md5
      md5: 23415343c19e8efa6b0a059fe5308f8e
      size: 15
  predict_AMPP:
    cmd:
    - python -m backend.ml_models.drift_monitor
    - python -m backend.ml_models.predict_AMPP
    deps:
    - path: backend/ml_models/config.py
      hash: md5
      md5: 4f4c71de7bc0efc2f795919199b8b43a
      size: 931
    - path: backend/ml_models/drift_monitor.py
      hash: md5
      md5: fa4e0a7e059c9026c3b7c0732aea0a5b
      size: 2889
    - path: backend/ml_models/predict_AMPP.py
      hash: md5
      md5: 044747e4a382718fa24b86d5e3c447bc
      size: 1273
    - path: backend/target/inputted_features_2.pkl
      hash: md5
      md5: 400db839538d5095d7cf33c594d38a26
      size: 38010
    - path: backend/target/temp_targets/X_train_master.pkl
      hash: md5
      md5: 12a9248ba57553fc22822af4bac66b65
      size: 1211555
    outs:
    - path: backend/target/ampp_predictions.pkl
      hash: md5
      md5: 7927ba027360d89795a5842e372db490
      size: 8142
    - path: backend/target/drift_status.txt
      hash: md5
      md5: 03d2dd7d7af8d205cb7332c289df91de
      size: 9
